
Microsoft Visual Studio Solution File, Format Version 12.00
# Visual Studio Version 16
VisualStudioVersion = 16.0.30611.23
MinimumVisualStudioVersion = 10.0.40219.1
Project("{FAE04EC0-301F-11D3-BF4B-00C04F79EFBC}") = "FusionStack_DemoApp", "FusionStack_DemoApp\FusionStack_DemoApp.csproj", "{28E52E16-676A-4A89-8104-94DDCF0BC70B}"
EndProject
Project("{FAE04EC0-301F-11D3-BF4B-00C04F79EFBC}") = "FusionStack_DemoApp.Android", "FusionStack_DemoApp.Android\FusionStack_DemoApp.Android.csproj", "{952885F7-658F-47E8-A70B-53EDCB24E8B8}"
EndProject
Project("{FAE04EC0-301F-11D3-BF4B-00C04F79EFBC}") = "FusionStack_DemoApp.iOS", "FusionStack_DemoApp.iOS\FusionStack_DemoApp.iOS.csproj", "{B639B80C-6C25-40E4-BCBE-D703AE67D6A8}"
EndProject
Global
	GlobalSection(SolutionConfigurationPlatforms) = preSolution
		Ad-Hoc|Any CPU = Ad-Hoc|Any CPU
		Ad-Hoc|iPhone = Ad-Hoc|iPhone
		Ad-Hoc|iPhoneSimulator = Ad-Hoc|iPhoneSimulator
		AppStore|Any CPU = AppStore|Any CPU
		AppStore|iPhone = AppStore|iPhone
		AppStore|iPhoneSimulator = AppStore|iPhoneSimulator
		Debug|Any CPU = Debug|Any CPU
		Debug|iPhone = Debug|iPhone
		Debug|iPhoneSimulator = Debug|iPhoneSimulator
		Release|Any CPU = Release|Any CPU
		Release|iPhone = Release|iPhone
		Release|iPhoneSimulator = Release|iPhoneSimulator
	EndGlobalSection
	GlobalSection(ProjectConfigurationPlatforms) = postSolution
		{28E52E16-676A-4A89-8104-94DDCF0BC70B}.Ad-Hoc|Any CPU.ActiveCfg = Release|Any CPU
		{28E52E16-676A-4A89-8104-94DDCF0BC70B}.Ad-Hoc|Any CPU.Build.0 = Release|Any CPU
		{28E52E16-676A-4A89-8104-94DDCF0BC70B}.Ad-Hoc|iPhone.ActiveCfg = Release|Any CPU
		{28E52E16-676A-4A89-8104-94DDCF0BC70B}.Ad-Hoc|iPhone.Build.0 = Release|Any CPU
		{28E52E16-676A-4A89-8104-94DDCF0BC70B}.Ad-Hoc|iPhoneSimulator.ActiveCfg = Release|Any CPU
		{28E52E16-676A-4A89-8104-94DDCF0BC70B}.Ad-Hoc|iPhoneSimulator.Build.0 = Release|Any CPU
		{28E52E16-676A-4A89-8104-94DDCF0BC70B}.AppStore|Any CPU.ActiveCfg = Release|Any CPU
		{28E52E16-676A-4A89-8104-94DDCF0BC70B}.AppStore|Any CPU.Build.0 = Release|Any CPU
		{28E52E16-676A-4A89-8104-94DDCF0BC70B}.AppStore|iPhone.ActiveCfg = Release|Any CPU
		{28E52E16-676A-4A89-8104-94DDCF0BC70B}.AppStore|iPhone.Build.0 = Release|Any CPU
		{28E52E16-676A-4A89-8104-94DDCF0BC70B}.AppStore|iPhoneSimulator.ActiveCfg = Release|Any CPU
		{28E52E16-676A-4A89-8104-94DDCF0BC70B}.AppStore|iPhoneSimulator.Build.0 = Release|Any CPU
		{28E52E16-676A-4A89-8104-94DDCF0BC70B}.Debug|Any CPU.ActiveCfg = Debug|Any CPU
		{28E52E16-676A-4A89-8104-94DDCF0BC70B}.Debug|Any CPU.Build.0 = Debug|Any CPU
		{28E52E16-676A-4A89-8104-94DDCF0BC70B}.Debug|iPhone.ActiveCfg = Debug|Any CPU
		{28E52E16-676A-4A89-8104-94DDCF0BC70B}.Debug|iPhone.Build.0 = Debug|Any CPU
		{28E52E16-676A-4A89-8104-94DDCF0BC70B}.Debug|iPhoneSimulator.ActiveCfg = Debug|Any CPU
		{28E52E16-676A-4A89-8104-94DDCF0BC70B}.Debug|iPhoneSimulator.Build.0 = Debug|Any CPU
		{28E52E16-676A-4A89-8104-94DDCF0BC70B}.Release|Any CPU.ActiveCfg = Release|Any CPU
		{28E52E16-676A-4A89-8104-94DDCF0BC70B}.Release|Any CPU.Build.0 = Release|Any CPU
		{28E52E16-676A-4A89-8104-94DDCF0BC70B}.Release|iPhone.ActiveCfg = Release|Any CPU
		{28E52E16-676A-4A89-8104-94DDCF0BC70B}.Release|iPhone.Build.0 = Release|Any CPU
		{28E52E16-676A-4A89-8104-94DDCF0BC70B}.Release|iPhoneSimulator.ActiveCfg = Release|Any CPU
		{28E52E16-676A-4A89-8104-94DDCF0BC70B}.Release|iPhoneSimulator.Build.0 = Release|Any CPU
		{952885F7-658F-47E8-A70B-53EDCB24E8B8}.Ad-Hoc|Any CPU.ActiveCfg = Debug|Any CPU
		{952885F7-658F-47E8-A70B-53EDCB24E8B8}.Ad-Hoc|Any CPU.Build.0 = Debug|Any CPU
		{952885F7-658F-47E8-A70B-53EDCB24E8B8}.Ad-Hoc|Any CPU.Deploy.0 = Debug|Any CPU
		{952885F7-658F-47E8-A70B-53EDCB24E8B8}.Ad-Hoc|iPhone.ActiveCfg = Debug|Any CPU
		{952885F7-658F-47E8-A70B-53EDCB24E8B8}.Ad-Hoc|iPhone.Build.0 = Debug|Any CPU
		{952885F7-658F-47E8-A70B-53EDCB24E8B8}.Ad-Hoc|iPhone.Deploy.0 = Debug|Any CPU
		{952885F7-658F-47E8-A70B-53EDCB24E8B8}.Ad-Hoc|iPhoneSimulator.ActiveCfg = Debug|Any CPU
		{952885F7-658F-47E8-A70B-53EDCB24E8B8}.Ad-Hoc|iPhoneSimulator.Build.0 = Debug|Any CPU
		{952885F7-658F-47E8-A70B-53EDCB24E8B8}.Ad-Hoc|iPhoneSimulator.Deploy.0 = Debug|Any CPU
		{952885F7-658F-47E8-A70B-53EDCB24E8B8}.AppStore|Any CPU.ActiveCfg = Debug|Any CPU
		{952885F7-658F-47E8-A70B-53EDCB24E8B8}.AppStore|Any CPU.Build.0 = Debug|Any CPU
		{952885F7-658F-47E8-A70B-53EDCB24E8B8}.AppStore|Any CPU.Deploy.0 = Debug|Any CPU
		{952885F7-658F-47E8-A70B-53EDCB24E8B8}.AppStore|iPhone.ActiveCfg = Debug|Any CPU
		{952885F7-658F-47E8-A70B-53EDCB24E8B8}.AppStore|iPhone.Build.0 = Debug|Any CPU
		{952885F7-658F-47E8-A70B-53EDCB24E8B8}.AppStore|iPhone.Deploy.0 = Debug|Any CPU
		{952885F7-658F-47E8-A70B-53EDCB24E8B8}.AppStore|iPhoneSimulator.ActiveCfg = Debug|Any CPU
		{952885F7-658F-47E8-A70B-53EDCB24E8B8}.AppStore|iPhoneSimulator.Build.0 = Debug|Any CPU
		{952885F7-658F-47E8-A70B-53EDCB24E8B8}.AppStore|iPhoneSimulator.Deploy.0 = Debug|Any CPU
		{952885F7-658F-47E8-A70B-53EDCB24E8B8}.Debug|Any CPU.ActiveCfg = Debug|Any CPU
		{952885F7-658F-47E8-A70B-53EDCB24E8B8}.Debug|Any CPU.Build.0 = Debug|Any CPU
		{952885F7-658F-47E8-A70B-53EDCB24E8B8}.Debug|Any CPU.Deploy.0 = Debug|Any CPU
		{952885F7-658F-47E8-A70B-53EDCB24E8B8}.Debug|iPhone.ActiveCfg = Debug|Any CPU
		{952885F7-658F-47E8-A70B-53EDCB24E8B8}.Debug|iPhone.Build.0 = Debug|Any CPU
		{952885F7-658F-47E8-A70B-53EDCB24E8B8}.Debug|iPhone.Deploy.0 = Debug|Any CPU
		{952885F7-658F-47E8-A70B-53EDCB24E8B8}.Debug|iPhoneSimulator.ActiveCfg = Debug|Any CPU
		{952885F7-658F-47E8-A70B-53EDCB24E8B8}.Debug|iPhoneSimulator.Build.0 = Debug|Any CPU
		{952885F7-658F-47E8-A70B-53EDCB24E8B8}.Debug|iPhoneSimulator.Deploy.0 = Debug|Any CPU
		{952885F7-658F-47E8-A70B-53EDCB24E8B8}.Release|Any CPU.ActiveCfg = Release|Any CPU
		{952885F7-658F-47E8-A70B-53EDCB24E8B8}.Release|Any CPU.Build.0 = Release|Any CPU
		{952885F7-658F-47E8-A70B-53EDCB24E8B8}.Release|Any CPU.Deploy.0 = Release|Any CPU
		{952885F7-658F-47E8-A70B-53EDCB24E8B8}.Release|iPhone.ActiveCfg = Release|Any CPU
		{952885F7-658F-47E8-A70B-53EDCB24E8B8}.Release|iPhone.Build.0 = Release|Any CPU
		{952885F7-658F-47E8-A70B-53EDCB24E8B8}.Release|iPhone.Deploy.0 = Release|Any CPU
		{952885F7-658F-47E8-A70B-53EDCB24E8B8}.Release|iPhoneSimulator.ActiveCfg = Release|Any CPU
		{952885F7-658F-47E8-A70B-53EDCB24E8B8}.Release|iPhoneSimulator.Build.0 = Release|Any CPU
		{952885F7-658F-47E8-A70B-53EDCB24E8B8}.Release|iPhoneSimulator.Deploy.0 = Release|Any CPU
		{B639B80C-6C25-40E4-BCBE-D703AE67D6A8}.Ad-Hoc|Any CPU.ActiveCfg = Ad-Hoc|iPhoneSimulator
		{B639B80C-6C25-40E4-BCBE-D703AE67D6A8}.Ad-Hoc|iPhone.ActiveCfg = Ad-Hoc|iPhone
		{B639B80C-6C25-40E4-BCBE-D703AE67D6A8}.Ad-Hoc|iPhone.Build.0 = Ad-Hoc|iPhone
		{B639B80C-6C25-40E4-BCBE-D703AE67D6A8}.Ad-Hoc|iPhoneSimulator.ActiveCfg = Ad-Hoc|iPhoneSimulator
		{B639B80C-6C25-40E4-BCBE-D703AE67D6A8}.Ad-Hoc|iPhoneSimulator.Build.0 = Ad-Hoc|iPhoneSimulator
		{B639B80C-6C25-40E4-BCBE-D703AE67D6A8}.AppStore|Any CPU.ActiveCfg = AppStore|iPhoneSimulator
		{B639B80C-6C25-40E4-BCBE-D703AE67D6A8}.AppStore|iPhone.ActiveCfg = AppStore|iPhone
		{B639B80C-6C25-40E4-BCBE-D703AE67D6A8}.AppStore|iPhone.Build.0 = AppStore|iPhone
		{B639B80C-6C25-40E4-BCBE-D703AE67D6A8}.AppStore|iPhoneSimulator.ActiveCfg = AppStore|iPhoneSimulator
		{B639B80C-6C25-40E4-BCBE-D703AE67D6A8}.AppStore|iPhoneSimulator.Build.0 = AppStore|iPhoneSimulator
		{B639B80C-6C25-40E4-BCBE-D703AE67D6A8}.Debug|Any CPU.ActiveCfg = Debug|iPhoneSimulator
		{B639B80C-6C25-40E4-BCBE-D703AE67D6A8}.Debug|iPhone.ActiveCfg = Debug|iPhone
		{B639B80C-6C25-40E4-BCBE-D703AE67D6A8}.Debug|iPhone.Build.0 = Debug|iPhone
		{B639B80C-6C25-40E4-BCBE-D703AE67D6A8}.Debug|iPhoneSimulator.ActiveCfg = Debug|iPhoneSimulator
		{B639B80C-6C25-40E4-BCBE-D703AE67D6A8}.Debug|iPhoneSimulator.Build.0 = Debug|iPhoneSimulator
		{B639B80C-6C25-40E4-BCBE-D703AE67D6A8}.Release|Any CPU.ActiveCfg = Release|iPhoneSimulator
		{B639B80C-6C25-40E4-BCBE-D703AE67D6A8}.Release|iPhone.ActiveCfg = Release|iPhone
		{B639B80C-6C25-40E4-BCBE-D703AE67D6A8}.Release|iPhone.Build.0 = Release|iPhone
		{B639B80C-6C25-40E4-BCBE-D703AE67D6A8}.Release|iPhoneSimulator.ActiveCfg = Release|iPhoneSimulator
		{B639B80C-6C25-40E4-BCBE-D703AE67D6A8}.Release|iPhoneSimulator.Build.0 = Release|iPhoneSimulator
	EndGlobalSection
	GlobalSection(SolutionProperties) = preSolution
		HideSolutionNode = FALSE
	EndGlobalSection
	GlobalSection(ExtensibilityGlobals) = postSolution
		SolutionGuid = {C531AC44-5692-4E92-8D31-6F307FDA810C}
	EndGlobalSection
EndGlobal
